
Microsoft Visual Studio Solution File, Format Version 12.00
# Visual Studio Version 17
VisualStudioVersion = 17.11.35017.193
MinimumVisualStudioVersion = 10.0.40219.1
Project("{FAE04EC0-301F-11D3-BF4B-00C04F79EFBC}") = "ARS", "ARS\ARS.csproj", "{DA4BA010-080C-458D-8923-BC422CF7E8F7}"
EndProject
Global
	GlobalSection(SolutionConfigurationPlatforms) = preSolution
		Debug|Any CPU = Debug|Any CPU
		Release|Any CPU = Release|Any CPU
	EndGlobalSection
	GlobalSection(ProjectConfigurationPlatforms) = postSolution
		{DA4BA010-080C-458D-8923-BC422CF7E8F7}.Debug|Any CPU.ActiveCfg = Debug|Any CPU
		{DA4BA010-080C-458D-8923-BC422CF7E8F7}.Debug|Any CPU.Build.0 = Debug|Any CPU
		{DA4BA010-080C-458D-8923-BC422CF7E8F7}.Release|Any CPU.ActiveCfg = Release|Any CPU
		{DA4BA010-080C-458D-8923-BC422CF7E8F7}.Release|Any CPU.Build.0 = Release|Any CPU
	EndGlobalSection
	GlobalSection(SolutionProperties) = preSolution
		HideSolutionNode = FALSE
	EndGlobalSection
	GlobalSection(ExtensibilityGlobals) = postSolution
		SolutionGuid = {DD171B03-2B1A-4E76-91C2-E1782CCA69FA}
	EndGlobalSection
EndGlobal
